// !$*UTF8*$!
{
	archiveVersion = 1;
	classes = {
	};
	objectVersion = 50;
	objects = {

/* Begin PBXBuildFile section */
		5450C93B271ADB6A002C59AF /* AppDelegate.swift in Sources */ = {isa = PBXBuildFile; fileRef = 5450C93A271ADB6A002C59AF /* AppDelegate.swift */; };
		5450C93D271ADB6A002C59AF /* SceneDelegate.swift in Sources */ = {isa = PBXBuildFile; fileRef = 5450C93C271ADB6A002C59AF /* SceneDelegate.swift */; };
		5450C93F271ADB6A002C59AF /* ViewController.swift in Sources */ = {isa = PBXBuildFile; fileRef = 5450C93E271ADB6A002C59AF /* ViewController.swift */; };
		5450C942271ADB6A002C59AF /* Main.storyboard in Resources */ = {isa = PBXBuildFile; fileRef = 5450C940271ADB6A002C59AF /* Main.storyboard */; };
		5450C944271ADB6B002C59AF /* Assets.xcassets in Resources */ = {isa = PBXBuildFile; fileRef = 5450C943271ADB6B002C59AF /* Assets.xcassets */; };
		5450C947271ADB6B002C59AF /* LaunchScreen.storyboard in Resources */ = {isa = PBXBuildFile; fileRef = 5450C945271ADB6B002C59AF /* LaunchScreen.storyboard */; };
		5450C952271ADB6B002C59AF /* RecorderTests.swift in Sources */ = {isa = PBXBuildFile; fileRef = 5450C951271ADB6B002C59AF /* RecorderTests.swift */; };
		5450C95D271ADB6B002C59AF /* RecorderUITests.swift in Sources */ = {isa = PBXBuildFile; fileRef = 5450C95C271ADB6B002C59AF /* RecorderUITests.swift */; };
/* End PBXBuildFile section */

/* Begin PBXContainerItemProxy section */
		5450C94E271ADB6B002C59AF /* PBXContainerItemProxy */ = {
			isa = PBXContainerItemProxy;
			containerPortal = 5450C92F271ADB6A002C59AF /* Project object */;
			proxyType = 1;
			remoteGlobalIDString = 5450C936271ADB6A002C59AF;
			remoteInfo = Recorder;
		};
		5450C959271ADB6B002C59AF /* PBXContainerItemProxy */ = {
			isa = PBXContainerItemProxy;
			containerPortal = 5450C92F271ADB6A002C59AF /* Project object */;
			proxyType = 1;
			remoteGlobalIDString = 5450C936271ADB6A002C59AF;
			remoteInfo = Recorder;
		};
/* End PBXContainerItemProxy section */

/* Begin PBXFileReference section */
		5450C937271ADB6A002C59AF /* Recorder.app */ = {isa = PBXFileReference; explicitFileType = wrapper.application; includeInIndex = 0; path = Recorder.app; sourceTree = BUILT_PRODUCTS_DIR; };
		5450C93A271ADB6A002C59AF /* AppDelegate.swift */ = {isa = PBXFileReference; lastKnownFileType = sourcecode.swift; path = AppDelegate.swift; sourceTree = "<group>"; };
		5450C93C271ADB6A002C59AF /* SceneDelegate.swift */ = {isa = PBXFileReference; lastKnownFileType = sourcecode.swift; path = SceneDelegate.swift; sourceTree = "<group>"; };
		5450C93E271ADB6A002C59AF /* ViewController.swift */ = {isa = PBXFileReference; lastKnownFileType = sourcecode.swift; path = ViewController.swift; sourceTree = "<group>"; };
		5450C941271ADB6A002C59AF /* Base */ = {isa = PBXFileReference; lastKnownFileType = file.storyboard; name = Base; path = Base.lproj/Main.storyboard; sourceTree = "<group>"; };
		5450C943271ADB6B002C59AF /* Assets.xcassets */ = {isa = PBXFileReference; lastKnownFileType = folder.assetcatalog; path = Assets.xcassets; sourceTree = "<group>"; };
		5450C946271ADB6B002C59AF /* Base */ = {isa = PBXFileReference; lastKnownFileType = file.storyboard; name = Base; path = Base.lproj/LaunchScreen.storyboard; sourceTree = "<group>"; };
		5450C948271ADB6B002C59AF /* Info.plist */ = {isa = PBXFileReference; lastKnownFileType = text.plist.xml; path = Info.plist; sourceTree = "<group>"; };
		5450C94D271ADB6B002C59AF /* RecorderTests.xctest */ = {isa = PBXFileReference; explicitFileType = wrapper.cfbundle; includeInIndex = 0; path = RecorderTests.xctest; sourceTree = BUILT_PRODUCTS_DIR; };
		5450C951271ADB6B002C59AF /* RecorderTests.swift */ = {isa = PBXFileReference; lastKnownFileType = sourcecode.swift; path = RecorderTests.swift; sourceTree = "<group>"; };
		5450C953271ADB6B002C59AF /* Info.plist */ = {isa = PBXFileReference; lastKnownFileType = text.plist.xml; path = Info.plist; sourceTree = "<group>"; };
		5450C958271ADB6B002C59AF /* RecorderUITests.xctest */ = {isa = PBXFileReference; explicitFileType = wrapper.cfbundle; includeInIndex = 0; path = RecorderUITests.xctest; sourceTree = BUILT_PRODUCTS_DIR; };
		5450C95C271ADB6B002C59AF /* RecorderUITests.swift */ = {isa = PBXFileReference; lastKnownFileType = sourcecode.swift; path = RecorderUITests.swift; sourceTree = "<group>"; };
		5450C95E271ADB6B002C59AF /* Info.plist */ = {isa = PBXFileReference; lastKnownFileType = text.plist.xml; path = Info.plist; sourceTree = "<group>"; };
/* End PBXFileReference section */

/* Begin PBXFrameworksBuildPhase section */
		5450C934271ADB6A002C59AF /* Frameworks */ = {
			isa = PBXFrameworksBuildPhase;
			buildActionMask = 2147483647;
			files = (
			);
			runOnlyForDeploymentPostprocessing = 0;
		};
		5450C94A271ADB6B002C59AF /* Frameworks */ = {
			isa = PBXFrameworksBuildPhase;
			buildActionMask = 2147483647;
			files = (
			);
			runOnlyForDeploymentPostprocessing = 0;
		};
		5450C955271ADB6B002C59AF /* Frameworks */ = {
			isa = PBXFrameworksBuildPhase;
			buildActionMask = 2147483647;
			files = (
			);
			runOnlyForDeploymentPostprocessing = 0;
		};
/* End PBXFrameworksBuildPhase section */

/* Begin PBXGroup section */
		5450C92E271ADB6A002C59AF = {
			isa = PBXGroup;
			children = (
				5450C939271ADB6A002C59AF /* Recorder */,
				5450C950271ADB6B002C59AF /* RecorderTests */,
				5450C95B271ADB6B002C59AF /* RecorderUITests */,
				5450C938271ADB6A002C59AF /* Products */,
			);
			sourceTree = "<group>";
		};
		5450C938271ADB6A002C59AF /* Products */ = {
			isa = PBXGroup;
			children = (
				5450C937271ADB6A002C59AF /* Recorder.app */,
				5450C94D271ADB6B002C59AF /* RecorderTests.xctest */,
				5450C958271ADB6B002C59AF /* RecorderUITests.xctest */,
			);
			name = Products;
			sourceTree = "<group>";
		};
		5450C939271ADB6A002C59AF /* Recorder */ = {
			isa = PBXGroup;
			children = (
				5450C93A271ADB6A002C59AF /* AppDelegate.swift */,
				5450C93C271ADB6A002C59AF /* SceneDelegate.swift */,
				5450C93E271ADB6A002C59AF /* ViewController.swift */,
				5450C940271ADB6A002C59AF /* Main.storyboard */,
				5450C943271ADB6B002C59AF /* Assets.xcassets */,
				5450C945271ADB6B002C59AF /* LaunchScreen.storyboard */,
				5450C948271ADB6B002C59AF /* Info.plist */,
			);
			path = Recorder;
			sourceTree = "<group>";
		};
		5450C950271ADB6B002C59AF /* RecorderTests */ = {
			isa = PBXGroup;
			children = (
				5450C951271ADB6B002C59AF /* RecorderTests.swift */,
				5450C953271ADB6B002C59AF /* Info.plist */,
			);
			path = RecorderTests;
			sourceTree = "<group>";
		};
		5450C95B271ADB6B002C59AF /* RecorderUITests */ = {
			isa = PBXGroup;
			children = (
				5450C95C271ADB6B002C59AF /* RecorderUITests.swift */,
				5450C95E271ADB6B002C59AF /* Info.plist */,
			);
			path = RecorderUITests;
			sourceTree = "<group>";
		};
/* End PBXGroup section */

/* Begin PBXNativeTarget section */
		5450C936271ADB6A002C59AF /* Recorder */ = {
			isa = PBXNativeTarget;
			buildConfigurationList = 5450C961271ADB6B002C59AF /* Build configuration list for PBXNativeTarget "Recorder" */;
			buildPhases = (
				5450C933271ADB6A002C59AF /* Sources */,
				5450C934271ADB6A002C59AF /* Frameworks */,
				5450C935271ADB6A002C59AF /* Resources */,
			);
			buildRules = (
			);
			dependencies = (
			);
			name = Recorder;
			productName = Recorder;
			productReference = 5450C937271ADB6A002C59AF /* Recorder.app */;
			productType = "com.apple.product-type.application";
		};
		5450C94C271ADB6B002C59AF /* RecorderTests */ = {
			isa = PBXNativeTarget;
			buildConfigurationList = 5450C964271ADB6B002C59AF /* Build configuration list for PBXNativeTarget "RecorderTests" */;
			buildPhases = (
				5450C949271ADB6B002C59AF /* Sources */,
				5450C94A271ADB6B002C59AF /* Frameworks */,
				5450C94B271ADB6B002C59AF /* Resources */,
			);
			buildRules = (
			);
			dependencies = (
				5450C94F271ADB6B002C59AF /* PBXTargetDependency */,
			);
			name = RecorderTests;
			productName = RecorderTests;
			productReference = 5450C94D271ADB6B002C59AF /* RecorderTests.xctest */;
			productType = "com.apple.product-type.bundle.unit-test";
		};
		5450C957271ADB6B002C59AF /* RecorderUITests */ = {
			isa = PBXNativeTarget;
			buildConfigurationList = 5450C967271ADB6B002C59AF /* Build configuration list for PBXNativeTarget "RecorderUITests" */;
			buildPhases = (
				5450C954271ADB6B002C59AF /* Sources */,
				5450C955271ADB6B002C59AF /* Frameworks */,
				5450C956271ADB6B002C59AF /* Resources */,
			);
			buildRules = (
			);
			dependencies = (
				5450C95A271ADB6B002C59AF /* PBXTargetDependency */,
			);
			name = RecorderUITests;
			productName = RecorderUITests;
			productReference = 5450C958271ADB6B002C59AF /* RecorderUITests.xctest */;
			productType = "com.apple.product-type.bundle.ui-testing";
		};
/* End PBXNativeTarget section */

/* Begin PBXProject section */
		5450C92F271ADB6A002C59AF /* Project object */ = {
			isa = PBXProject;
			attributes = {
				LastSwiftUpdateCheck = 1250;
				LastUpgradeCheck = 1250;
				TargetAttributes = {
					5450C936271ADB6A002C59AF = {
						CreatedOnToolsVersion = 12.5.1;
					};
					5450C94C271ADB6B002C59AF = {
						CreatedOnToolsVersion = 12.5.1;
						TestTargetID = 5450C936271ADB6A002C59AF;
					};
					5450C957271ADB6B002C59AF = {
						CreatedOnToolsVersion = 12.5.1;
						TestTargetID = 5450C936271ADB6A002C59AF;
					};
				};
			};
			buildConfigurationList = 5450C932271ADB6A002C59AF /* Build configuration list for PBXProject "Recorder" */;
			compatibilityVersion = "Xcode 9.3";
			developmentRegion = en;
			hasScannedForEncodings = 0;
			knownRegions = (
				en,
				Base,
			);
			mainGroup = 5450C92E271ADB6A002C59AF;
			productRefGroup = 5450C938271ADB6A002C59AF /* Products */;
			projectDirPath = "";
			projectRoot = "";
			targets = (
				5450C936271ADB6A002C59AF /* Recorder */,
				5450C94C271ADB6B002C59AF /* RecorderTests */,
				5450C957271ADB6B002C59AF /* RecorderUITests */,
			);
		};
/* End PBXProject section */

/* Begin PBXResourcesBuildPhase section */
		5450C935271ADB6A002C59AF /* Resources */ = {
			isa = PBXResourcesBuildPhase;
			buildActionMask = 2147483647;
			files = (
				5450C947271ADB6B002C59AF /* LaunchScreen.storyboard in Resources */,
				5450C944271ADB6B002C59AF /* Assets.xcassets in Resources */,
				5450C942271ADB6A002C59AF /* Main.storyboard in Resources */,
			);
			runOnlyForDeploymentPostprocessing = 0;
		};
		5450C94B271ADB6B002C59AF /* Resources */ = {
			isa = PBXResourcesBuildPhase;
			buildActionMask = 2147483647;
			files = (
			);
			runOnlyForDeploymentPostprocessing = 0;
		};
		5450C956271ADB6B002C59AF /* Resources */ = {
			isa = PBXResourcesBuildPhase;
			buildActionMask = 2147483647;
			files = (
			);
			runOnlyForDeploymentPostprocessing = 0;
		};
/* End PBXResourcesBuildPhase section */

/* Begin PBXSourcesBuildPhase section */
		5450C933271ADB6A002C59AF /* Sources */ = {
			isa = PBXSourcesBuildPhase;
			buildActionMask = 2147483647;
			files = (
				5450C93F271ADB6A002C59AF /* ViewController.swift in Sources */,
				5450C93B271ADB6A002C59AF /* AppDelegate.swift in Sources */,
				5450C93D271ADB6A002C59AF /* SceneDelegate.swift in Sources */,
			);
			runOnlyForDeploymentPostprocessing = 0;
		};
		5450C949271ADB6B002C59AF /* Sources */ = {
			isa = PBXSourcesBuildPhase;
			buildActionMask = 2147483647;
			files = (
				5450C952271ADB6B002C59AF /* RecorderTests.swift in Sources */,
			);
			runOnlyForDeploymentPostprocessing = 0;
		};
		5450C954271ADB6B002C59AF /* Sources */ = {
			isa = PBXSourcesBuildPhase;
			buildActionMask = 2147483647;
			files = (
				5450C95D271ADB6B002C59AF /* RecorderUITests.swift in Sources */,
			);
			runOnlyForDeploymentPostprocessing = 0;
		};
/* End PBXSourcesBuildPhase section */

/* Begin PBXTargetDependency section */
		5450C94F271ADB6B002C59AF /* PBXTargetDependency */ = {
			isa = PBXTargetDependency;
			target = 5450C936271ADB6A002C59AF /* Recorder */;
			targetProxy = 5450C94E271ADB6B002C59AF /* PBXContainerItemProxy */;
		};
		5450C95A271ADB6B002C59AF /* PBXTargetDependency */ = {
			isa = PBXTargetDependency;
			target = 5450C936271ADB6A002C59AF /* Recorder */;
			targetProxy = 5450C959271ADB6B002C59AF /* PBXContainerItemProxy */;
		};
/* End PBXTargetDependency section */

/* Begin PBXVariantGroup section */
		5450C940271ADB6A002C59AF /* Main.storyboard */ = {
			isa = PBXVariantGroup;
			children = (
				5450C941271ADB6A002C59AF /* Base */,
			);
			name = Main.storyboard;
			sourceTree = "<group>";
		};
		5450C945271ADB6B002C59AF /* LaunchScreen.storyboard */ = {
			isa = PBXVariantGroup;
			children = (
				5450C946271ADB6B002C59AF /* Base */,
			);
			name = LaunchScreen.storyboard;
			sourceTree = "<group>";
		};
/* End PBXVariantGroup section */

/* Begin XCBuildConfiguration section */
		5450C95F271ADB6B002C59AF /* Debug */ = {
			isa = XCBuildConfiguration;
			buildSettings = {
				ALWAYS_SEARCH_USER_PATHS = NO;
				CLANG_ANALYZER_NONNULL = YES;
				CLANG_ANALYZER_NUMBER_OBJECT_CONVERSION = YES_AGGRESSIVE;
				CLANG_CXX_LANGUAGE_STANDARD = "gnu++14";
				CLANG_CXX_LIBRARY = "libc++";
				CLANG_ENABLE_MODULES = YES;
				CLANG_ENABLE_OBJC_ARC = YES;
				CLANG_ENABLE_OBJC_WEAK = YES;
				CLANG_WARN_BLOCK_CAPTURE_AUTORELEASING = YES;
				CLANG_WARN_BOOL_CONVERSION = YES;
				CLANG_WARN_COMMA = YES;
				CLANG_WARN_CONSTANT_CONVERSION = YES;
				CLANG_WARN_DEPRECATED_OBJC_IMPLEMENTATIONS = YES;
				CLANG_WARN_DIRECT_OBJC_ISA_USAGE = YES_ERROR;
				CLANG_WARN_DOCUMENTATION_COMMENTS = YES;
				CLANG_WARN_EMPTY_BODY = YES;
				CLANG_WARN_ENUM_CONVERSION = YES;
				CLANG_WARN_INFINITE_RECURSION = YES;
				CLANG_WARN_INT_CONVERSION = YES;
				CLANG_WARN_NON_LITERAL_NULL_CONVERSION = YES;
				CLANG_WARN_OBJC_IMPLICIT_RETAIN_SELF = YES;
				CLANG_WARN_OBJC_LITERAL_CONVERSION = YES;
				CLANG_WARN_OBJC_ROOT_CLASS = YES_ERROR;
				CLANG_WARN_QUOTED_INCLUDE_IN_FRAMEWORK_HEADER = YES;
				CLANG_WARN_RANGE_LOOP_ANALYSIS = YES;
				CLANG_WARN_STRICT_PROTOTYPES = YES;
				CLANG_WARN_SUSPICIOUS_MOVE = YES;
				CLANG_WARN_UNGUARDED_AVAILABILITY = YES_AGGRESSIVE;
				CLANG_WARN_UNREACHABLE_CODE = YES;
				CLANG_WARN__DUPLICATE_METHOD_MATCH = YES;
				COPY_PHASE_STRIP = NO;
				DEBUG_INFORMATION_FORMAT = dwarf;
				ENABLE_STRICT_OBJC_MSGSEND = YES;
				ENABLE_TESTABILITY = YES;
				GCC_C_LANGUAGE_STANDARD = gnu11;
				GCC_DYNAMIC_NO_PIC = NO;
				GCC_NO_COMMON_BLOCKS = YES;
				GCC_OPTIMIZATION_LEVEL = 0;
				GCC_PREPROCESSOR_DEFINITIONS = (
					"DEBUG=1",
					"$(inherited)",
				);
				GCC_WARN_64_TO_32_BIT_CONVERSION = YES;
				GCC_WARN_ABOUT_RETURN_TYPE = YES_ERROR;
				GCC_WARN_UNDECLARED_SELECTOR = YES;
				GCC_WARN_UNINITIALIZED_AUTOS = YES_AGGRESSIVE;
				GCC_WARN_UNUSED_FUNCTION = YES;
				GCC_WARN_UNUSED_VARIABLE = YES;
				IPHONEOS_DEPLOYMENT_TARGET = 14.5;
				MTL_ENABLE_DEBUG_INFO = INCLUDE_SOURCE;
				MTL_FAST_MATH = YES;
				ONLY_ACTIVE_ARCH = YES;
				SDKROOT = iphoneos;
				SWIFT_ACTIVE_COMPILATION_CONDITIONS = DEBUG;
				SWIFT_OPTIMIZATION_LEVEL = "-Onone";
			};
			name = Debug;
		};
		5450C960271ADB6B002C59AF /* Release */ = {
			isa = XCBuildConfiguration;
			buildSettings = {
				ALWAYS_SEARCH_USER_PATHS = NO;
				CLANG_ANALYZER_NONNULL = YES;
				CLANG_ANALYZER_NUMBER_OBJECT_CONVERSION = YES_AGGRESSIVE;
				CLANG_CXX_LANGUAGE_STANDARD = "gnu++14";
				CLANG_CXX_LIBRARY = "libc++";
				CLANG_ENABLE_MODULES = YES;
				CLANG_ENABLE_OBJC_ARC = YES;
				CLANG_ENABLE_OBJC_WEAK = YES;
				CLANG_WARN_BLOCK_CAPTURE_AUTORELEASING = YES;
				CLANG_WARN_BOOL_CONVERSION = YES;
				CLANG_WARN_COMMA = YES;
				CLANG_WARN_CONSTANT_CONVERSION = YES;
				CLANG_WARN_DEPRECATED_OBJC_IMPLEMENTATIONS = YES;
				CLANG_WARN_DIRECT_OBJC_ISA_USAGE = YES_ERROR;
				CLANG_WARN_DOCUMENTATION_COMMENTS = YES;
				CLANG_WARN_EMPTY_BODY = YES;
				CLANG_WARN_ENUM_CONVERSION = YES;
				CLANG_WARN_INFINITE_RECURSION = YES;
				CLANG_WARN_INT_CONVERSION = YES;
				CLANG_WARN_NON_LITERAL_NULL_CONVERSION = YES;
				CLANG_WARN_OBJC_IMPLICIT_RETAIN_SELF = YES;
				CLANG_WARN_OBJC_LITERAL_CONVERSION = YES;
				CLANG_WARN_OBJC_ROOT_CLASS = YES_ERROR;
				CLANG_WARN_QUOTED_INCLUDE_IN_FRAMEWORK_HEADER = YES;
				CLANG_WARN_RANGE_LOOP_ANALYSIS = YES;
				CLANG_WARN_STRICT_PROTOTYPES = YES;
				CLANG_WARN_SUSPICIOUS_MOVE = YES;
				CLANG_WARN_UNGUARDED_AVAILABILITY = YES_AGGRESSIVE;
				CLANG_WARN_UNREACHABLE_CODE = YES;
				CLANG_WARN__DUPLICATE_METHOD_MATCH = YES;
				COPY_PHASE_STRIP = NO;
				DEBUG_INFORMATION_FORMAT = "dwarf-with-dsym";
				ENABLE_NS_ASSERTIONS = NO;
				ENABLE_STRICT_OBJC_MSGSEND = YES;
				GCC_C_LANGUAGE_STANDARD = gnu11;
				GCC_NO_COMMON_BLOCKS = YES;
				GCC_WARN_64_TO_32_BIT_CONVERSION = YES;
				GCC_WARN_ABOUT_RETURN_TYPE = YES_ERROR;
				GCC_WARN_UNDECLARED_SELECTOR = YES;
				GCC_WARN_UNINITIALIZED_AUTOS = YES_AGGRESSIVE;
				GCC_WARN_UNUSED_FUNCTION = YES;
				GCC_WARN_UNUSED_VARIABLE = YES;
				IPHONEOS_DEPLOYMENT_TARGET = 14.5;
				MTL_ENABLE_DEBUG_INFO = NO;
				MTL_FAST_MATH = YES;
				SDKROOT = iphoneos;
				SWIFT_COMPILATION_MODE = wholemodule;
				SWIFT_OPTIMIZATION_LEVEL = "-O";
				VALIDATE_PRODUCT = YES;
			};
			name = Release;
		};
		5450C962271ADB6B002C59AF /* Debug */ = {
			isa = XCBuildConfiguration;
			buildSettings = {
				ASSETCATALOG_COMPILER_APPICON_NAME = AppIcon;
				ASSETCATALOG_COMPILER_GLOBAL_ACCENT_COLOR_NAME = AccentColor;
				CODE_SIGN_STYLE = Automatic;
				DEVELOPMENT_TEAM = 6W3F7S8Q67;
				INFOPLIST_FILE = Recorder/Info.plist;
				LD_RUNPATH_SEARCH_PATHS = (
					"$(inherited)",
					"@executable_path/Frameworks",
				);
				PRODUCT_BUNDLE_IDENTIFIER = marx.Recorder;
				PRODUCT_NAME = "$(TARGET_NAME)";
				SWIFT_VERSION = 5.0;
				TARGETED_DEVICE_FAMILY = "1,2";
			};
			name = Debug;
		};
		5450C963271ADB6B002C59AF /* Release */ = {
			isa = XCBuildConfiguration;
			buildSettings = {
				ASSETCATALOG_COMPILER_APPICON_NAME = AppIcon;
				ASSETCATALOG_COMPILER_GLOBAL_ACCENT_COLOR_NAME = AccentColor;
				CODE_SIGN_STYLE = Automatic;
				DEVELOPMENT_TEAM = 6W3F7S8Q67;
				INFOPLIST_FILE = Recorder/Info.plist;
				LD_RUNPATH_SEARCH_PATHS = (
					"$(inherited)",
					"@executable_path/Frameworks",
				);
				PRODUCT_BUNDLE_IDENTIFIER = marx.Recorder;
				PRODUCT_NAME = "$(TARGET_NAME)";
				SWIFT_VERSION = 5.0;
				TARGETED_DEVICE_FAMILY = "1,2";
			};
			name = Release;
		};
		5450C965271ADB6B002C59AF /* Debug */ = {
			isa = XCBuildConfiguration;
			buildSettings = {
				ALWAYS_EMBED_SWIFT_STANDARD_LIBRARIES = YES;
				BUNDLE_LOADER = "$(TEST_HOST)";
				CODE_SIGN_STYLE = Automatic;
				DEVELOPMENT_TEAM = 6W3F7S8Q67;
				INFOPLIST_FILE = RecorderTests/Info.plist;
				IPHONEOS_DEPLOYMENT_TARGET = 14.5;
				LD_RUNPATH_SEARCH_PATHS = (
					"$(inherited)",
					"@executable_path/Frameworks",
					"@loader_path/Frameworks",
				);
				PRODUCT_BUNDLE_IDENTIFIER = marx.RecorderTests;
				PRODUCT_NAME = "$(TARGET_NAME)";
				SWIFT_VERSION = 5.0;
				TARGETED_DEVICE_FAMILY = "1,2";
				TEST_HOST = "$(BUILT_PRODUCTS_DIR)/Recorder.app/Recorder";
			};
			name = Debug;
		};
		5450C966271ADB6B002C59AF /* Release */ = {
			isa = XCBuildConfiguration;
			buildSettings = {
				ALWAYS_EMBED_SWIFT_STANDARD_LIBRARIES = YES;
				BUNDLE_LOADER = "$(TEST_HOST)";
				CODE_SIGN_STYLE = Automatic;
				DEVELOPMENT_TEAM = 6W3F7S8Q67;
				INFOPLIST_FILE = RecorderTests/Info.plist;
				IPHONEOS_DEPLOYMENT_TARGET = 14.5;
				LD_RUNPATH_SEARCH_PATHS = (
					"$(inherited)",
					"@executable_path/Frameworks",
					"@loader_path/Frameworks",
				);
				PRODUCT_BUNDLE_IDENTIFIER = marx.RecorderTests;
				PRODUCT_NAME = "$(TARGET_NAME)";
				SWIFT_VERSION = 5.0;
				TARGETED_DEVICE_FAMILY = "1,2";
				TEST_HOST = "$(BUILT_PRODUCTS_DIR)/Recorder.app/Recorder";
			};
			name = Release;
		};
		5450C968271ADB6B002C59AF /* Debug */ = {
			isa = XCBuildConfiguration;
			buildSettings = {
				ALWAYS_EMBED_SWIFT_STANDARD_LIBRARIES = YES;
				CODE_SIGN_STYLE = Automatic;
				DEVELOPMENT_TEAM = 6W3F7S8Q67;
				INFOPLIST_FILE = RecorderUITests/Info.plist;
				LD_RUNPATH_SEARCH_PATHS = (
					"$(inherited)",
					"@executable_path/Frameworks",
					"@loader_path/Frameworks",
				);
				PRODUCT_BUNDLE_IDENTIFIER = marx.RecorderUITests;
				PRODUCT_NAME = "$(TARGET_NAME)";
				SWIFT_VERSION = 5.0;
				TARGETED_DEVICE_FAMILY = "1,2";
				TEST_TARGET_NAME = Recorder;
			};
			name = Debug;
		};
		5450C969271ADB6B002C59AF /* Release */ = {
			isa = XCBuildConfiguration;
			buildSettings = {
				ALWAYS_EMBED_SWIFT_STANDARD_LIBRARIES = YES;
				CODE_SIGN_STYLE = Automatic;
				DEVELOPMENT_TEAM = 6W3F7S8Q67;
				INFOPLIST_FILE = RecorderUITests/Info.plist;
				LD_RUNPATH_SEARCH_PATHS = (
					"$(inherited)",
					"@executable_path/Frameworks",
					"@loader_path/Frameworks",
				);
				PRODUCT_BUNDLE_IDENTIFIER = marx.RecorderUITests;
				PRODUCT_NAME = "$(TARGET_NAME)";
				SWIFT_VERSION = 5.0;
				TARGETED_DEVICE_FAMILY = "1,2";
				TEST_TARGET_NAME = Recorder;
			};
			name = Release;
		};
/* End XCBuildConfiguration section */

/* Begin XCConfigurationList section */
		5450C932271ADB6A002C59AF /* Build configuration list for PBXProject "Recorder" */ = {
			isa = XCConfigurationList;
			buildConfigurations = (
				5450C95F271ADB6B002C59AF /* Debug */,
				5450C960271ADB6B002C59AF /* Release */,
			);
			defaultConfigurationIsVisible = 0;
			defaultConfigurationName = Release;
		};
		5450C961271ADB6B002C59AF /* Build configuration list for PBXNativeTarget "Recorder" */ = {
			isa = XCConfigurationList;
			buildConfigurations = (
				5450C962271ADB6B002C59AF /* Debug */,
				5450C963271ADB6B002C59AF /* Release */,
			);
			defaultConfigurationIsVisible = 0;
			defaultConfigurationName = Release;
		};
		5450C964271ADB6B002C59AF /* Build configuration list for PBXNativeTarget "RecorderTests" */ = {
			isa = XCConfigurationList;
			buildConfigurations = (
				5450C965271ADB6B002C59AF /* Debug */,
				5450C966271ADB6B002C59AF /* Release */,
			);
			defaultConfigurationIsVisible = 0;
			defaultConfigurationName = Release;
		};
		5450C967271ADB6B002C59AF /* Build configuration list for PBXNativeTarget "RecorderUITests" */ = {
			isa = XCConfigurationList;
			buildConfigurations = (
				5450C968271ADB6B002C59AF /* Debug */,
				5450C969271ADB6B002C59AF /* Release */,
			);
			defaultConfigurationIsVisible = 0;
			defaultConfigurationName = Release;
		};
/* End XCConfigurationList section */
	};
	rootObject = 5450C92F271ADB6A002C59AF /* Project object */;
}
